// !$*UTF8*$!
{
	archiveVersion = 1;
	classes = {
	};
	objectVersion = 46;
	objects = {

/* Begin PBXBuildFile section */
		4F8134A31BF2260E0003E9B3 /* main.m in Sources */ = {isa = PBXBuildFile; fileRef = 4F8134A21BF2260E0003E9B3 /* main.m */; };
		4F8134AC1BF2260E0003E9B3 /* Main.storyboard in Resources */ = {isa = PBXBuildFile; fileRef = 4F8134AA1BF2260E0003E9B3 /* Main.storyboard */; };
		4F8134AE1BF2260E0003E9B3 /* Assets.xcassets in Resources */ = {isa = PBXBuildFile; fileRef = 4F8134AD1BF2260E0003E9B3 /* Assets.xcassets */; };
		4F8134B11BF2260E0003E9B3 /* LaunchScreen.storyboard in Resources */ = {isa = PBXBuildFile; fileRef = 4F8134AF1BF2260E0003E9B3 /* LaunchScreen.storyboard */; };
		4F8134BC1BF2260E0003E9B3 /* TransferDataTests.m in Sources */ = {isa = PBXBuildFile; fileRef = 4F8134BB1BF2260E0003E9B3 /* TransferDataTests.m */; };
		4F8134C71BF2260E0003E9B3 /* TransferDataUITests.m in Sources */ = {isa = PBXBuildFile; fileRef = 4F8134C61BF2260E0003E9B3 /* TransferDataUITests.m */; };
		4F8134DA1BF2276B0003E9B3 /* AppDelegate.m in Sources */ = {isa = PBXBuildFile; fileRef = 4F8134D71BF2276B0003E9B3 /* AppDelegate.m */; };
		4F8134DE1BF228150003E9B3 /* AppTableViewController.m in Sources */ = {isa = PBXBuildFile; fileRef = 4F8134DD1BF228150003E9B3 /* AppTableViewController.m */; };
		4F8134E11BF229880003E9B3 /* LYNavigationController.m in Sources */ = {isa = PBXBuildFile; fileRef = 4F8134E01BF229880003E9B3 /* LYNavigationController.m */; };
		4F8135291BF22F880003E9B3 /* DownloadListVC.m in Sources */ = {isa = PBXBuildFile; fileRef = 4F8135281BF22F880003E9B3 /* DownloadListVC.m */; };
/* End PBXBuildFile section */

/* Begin PBXContainerItemProxy section */
		4F8134B81BF2260E0003E9B3 /* PBXContainerItemProxy */ = {
			isa = PBXContainerItemProxy;
			containerPortal = 4F8134961BF2260E0003E9B3 /* Project object */;
			proxyType = 1;
			remoteGlobalIDString = 4F81349D1BF2260E0003E9B3;
			remoteInfo = TransferData;
		};
		4F8134C31BF2260E0003E9B3 /* PBXContainerItemProxy */ = {
			isa = PBXContainerItemProxy;
			containerPortal = 4F8134961BF2260E0003E9B3 /* Project object */;
			proxyType = 1;
			remoteGlobalIDString = 4F81349D1BF2260E0003E9B3;
			remoteInfo = TransferData;
		};
/* End PBXContainerItemProxy section */

/* Begin PBXFileReference section */
		4F81349E1BF2260E0003E9B3 /* TransferData.app */ = {isa = PBXFileReference; explicitFileType = wrapper.application; includeInIndex = 0; path = TransferData.app; sourceTree = BUILT_PRODUCTS_DIR; };
		4F8134A21BF2260E0003E9B3 /* main.m */ = {isa = PBXFileReference; lastKnownFileType = sourcecode.c.objc; path = main.m; sourceTree = "<group>"; };
		4F8134AB1BF2260E0003E9B3 /* Base */ = {isa = PBXFileReference; lastKnownFileType = file.storyboard; name = Base; path = Base.lproj/Main.storyboard; sourceTree = "<group>"; };
		4F8134AD1BF2260E0003E9B3 /* Assets.xcassets */ = {isa = PBXFileReference; lastKnownFileType = folder.assetcatalog; path = Assets.xcassets; sourceTree = "<group>"; };
		4F8134B01BF2260E0003E9B3 /* Base */ = {isa = PBXFileReference; lastKnownFileType = file.storyboard; name = Base; path = Base.lproj/LaunchScreen.storyboard; sourceTree = "<group>"; };
		4F8134B21BF2260E0003E9B3 /* Info.plist */ = {isa = PBXFileReference; lastKnownFileType = text.plist.xml; path = Info.plist; sourceTree = "<group>"; };
		4F8134B71BF2260E0003E9B3 /* TransferDataTests.xctest */ = {isa = PBXFileReference; explicitFileType = wrapper.cfbundle; includeInIndex = 0; path = TransferDataTests.xctest; sourceTree = BUILT_PRODUCTS_DIR; };
		4F8134BB1BF2260E0003E9B3 /* TransferDataTests.m */ = {isa = PBXFileReference; lastKnownFileType = sourcecode.c.objc; path = TransferDataTests.m; sourceTree = "<group>"; };
		4F8134BD1BF2260E0003E9B3 /* Info.plist */ = {isa = PBXFileReference; lastKnownFileType = text.plist.xml; path = Info.plist; sourceTree = "<group>"; };
		4F8134C21BF2260E0003E9B3 /* TransferDataUITests.xctest */ = {isa = PBXFileReference; explicitFileType = wrapper.cfbundle; includeInIndex = 0; path = TransferDataUITests.xctest; sourceTree = BUILT_PRODUCTS_DIR; };
		4F8134C61BF2260E0003E9B3 /* TransferDataUITests.m */ = {isa = PBXFileReference; lastKnownFileType = sourcecode.c.objc; path = TransferDataUITests.m; sourceTree = "<group>"; };
		4F8134C81BF2260E0003E9B3 /* Info.plist */ = {isa = PBXFileReference; lastKnownFileType = text.plist.xml; path = Info.plist; sourceTree = "<group>"; };
		4F8134D61BF2276B0003E9B3 /* AppDelegate.h */ = {isa = PBXFileReference; fileEncoding = 4; lastKnownFileType = sourcecode.c.h; path = AppDelegate.h; sourceTree = "<group>"; };
		4F8134D71BF2276B0003E9B3 /* AppDelegate.m */ = {isa = PBXFileReference; fileEncoding = 4; lastKnownFileType = sourcecode.c.objc; path = AppDelegate.m; sourceTree = "<group>"; };
		4F8134DC1BF228150003E9B3 /* AppTableViewController.h */ = {isa = PBXFileReference; fileEncoding = 4; lastKnownFileType = sourcecode.c.h; path = AppTableViewController.h; sourceTree = "<group>"; };
		4F8134DD1BF228150003E9B3 /* AppTableViewController.m */ = {isa = PBXFileReference; fileEncoding = 4; lastKnownFileType = sourcecode.c.objc; path = AppTableViewController.m; sourceTree = "<group>"; };
		4F8134DF1BF229880003E9B3 /* LYNavigationController.h */ = {isa = PBXFileReference; fileEncoding = 4; lastKnownFileType = sourcecode.c.h; path = LYNavigationController.h; sourceTree = "<group>"; };
		4F8134E01BF229880003E9B3 /* LYNavigationController.m */ = {isa = PBXFileReference; fileEncoding = 4; lastKnownFileType = sourcecode.c.objc; path = LYNavigationController.m; sourceTree = "<group>"; };
		4F8135271BF22F880003E9B3 /* DownloadListVC.h */ = {isa = PBXFileReference; fileEncoding = 4; lastKnownFileType = sourcecode.c.h; path = DownloadListVC.h; sourceTree = "<group>"; };
		4F8135281BF22F880003E9B3 /* DownloadListVC.m */ = {isa = PBXFileReference; fileEncoding = 4; lastKnownFileType = sourcecode.c.objc; path = DownloadListVC.m; sourceTree = "<group>"; };
/* End PBXFileReference section */

/* Begin PBXFrameworksBuildPhase section */
		4F81349B1BF2260E0003E9B3 /* Frameworks */ = {
			isa = PBXFrameworksBuildPhase;
			buildActionMask = 2147483647;
			files = (
			);
			runOnlyForDeploymentPostprocessing = 0;
		};
		4F8134B41BF2260E0003E9B3 /* Frameworks */ = {
			isa = PBXFrameworksBuildPhase;
			buildActionMask = 2147483647;
			files = (
			);
			runOnlyForDeploymentPostprocessing = 0;
		};
		4F8134BF1BF2260E0003E9B3 /* Frameworks */ = {
			isa = PBXFrameworksBuildPhase;
			buildActionMask = 2147483647;
			files = (
			);
			runOnlyForDeploymentPostprocessing = 0;
		};
/* End PBXFrameworksBuildPhase section */

/* Begin PBXGroup section */
		4F8134951BF2260E0003E9B3 = {
			isa = PBXGroup;
			children = (
				4F8134A01BF2260E0003E9B3 /* TransferData */,
				4F8134BA1BF2260E0003E9B3 /* TransferDataTests */,
				4F8134C51BF2260E0003E9B3 /* TransferDataUITests */,
				4F81349F1BF2260E0003E9B3 /* Products */,
			);
			sourceTree = "<group>";
		};
		4F81349F1BF2260E0003E9B3 /* Products */ = {
			isa = PBXGroup;
			children = (
				4F81349E1BF2260E0003E9B3 /* TransferData.app */,
				4F8134B71BF2260E0003E9B3 /* TransferDataTests.xctest */,
				4F8134C21BF2260E0003E9B3 /* TransferDataUITests.xctest */,
			);
			name = Products;
			sourceTree = "<group>";
		};
		4F8134A01BF2260E0003E9B3 /* TransferData */ = {
			isa = PBXGroup;
			children = (
				4F8134D61BF2276B0003E9B3 /* AppDelegate.h */,
				4F8134D71BF2276B0003E9B3 /* AppDelegate.m */,
				4F8134DC1BF228150003E9B3 /* AppTableViewController.h */,
				4F8134DD1BF228150003E9B3 /* AppTableViewController.m */,
				4F8134DF1BF229880003E9B3 /* LYNavigationController.h */,
				4F8134E01BF229880003E9B3 /* LYNavigationController.m */,
				4F8135271BF22F880003E9B3 /* DownloadListVC.h */,
				4F8135281BF22F880003E9B3 /* DownloadListVC.m */,
				4F8134A11BF2260E0003E9B3 /* Supporting Files */,
			);
			path = TransferData;
			sourceTree = "<group>";
		};
		4F8134A11BF2260E0003E9B3 /* Supporting Files */ = {
			isa = PBXGroup;
			children = (
				4F8134AA1BF2260E0003E9B3 /* Main.storyboard */,
				4F8134AD1BF2260E0003E9B3 /* Assets.xcassets */,
				4F8134AF1BF2260E0003E9B3 /* LaunchScreen.storyboard */,
				4F8134B21BF2260E0003E9B3 /* Info.plist */,
				4F8134A21BF2260E0003E9B3 /* main.m */,
			);
			name = "Supporting Files";
			sourceTree = "<group>";
		};
		4F8134BA1BF2260E0003E9B3 /* TransferDataTests */ = {
			isa = PBXGroup;
			children = (
				4F8134BB1BF2260E0003E9B3 /* TransferDataTests.m */,
				4F8134BD1BF2260E0003E9B3 /* Info.plist */,
			);
			path = TransferDataTests;
			sourceTree = "<group>";
		};
		4F8134C51BF2260E0003E9B3 /* TransferDataUITests */ = {
			isa = PBXGroup;
			children = (
				4F8134C61BF2260E0003E9B3 /* TransferDataUITests.m */,
				4F8134C81BF2260E0003E9B3 /* Info.plist */,
			);
			path = TransferDataUITests;
			sourceTree = "<group>";
		};
/* End PBXGroup section */

/* Begin PBXNativeTarget section */
		4F81349D1BF2260E0003E9B3 /* TransferData */ = {
			isa = PBXNativeTarget;
			buildConfigurationList = 4F8134CB1BF2260E0003E9B3 /* Build configuration list for PBXNativeTarget "TransferData" */;
			buildPhases = (
				4F81349A1BF2260E0003E9B3 /* Sources */,
				4F81349B1BF2260E0003E9B3 /* Frameworks */,
				4F81349C1BF2260E0003E9B3 /* Resources */,
			);
			buildRules = (
			);
			dependencies = (
			);
			name = TransferData;
			productName = TransferData;
			productReference = 4F81349E1BF2260E0003E9B3 /* TransferData.app */;
			productType = "com.apple.product-type.application";
		};
		4F8134B61BF2260E0003E9B3 /* TransferDataTests */ = {
			isa = PBXNativeTarget;
			buildConfigurationList = 4F8134CE1BF2260E0003E9B3 /* Build configuration list for PBXNativeTarget "TransferDataTests" */;
			buildPhases = (
				4F8134B31BF2260E0003E9B3 /* Sources */,
				4F8134B41BF2260E0003E9B3 /* Frameworks */,
				4F8134B51BF2260E0003E9B3 /* Resources */,
			);
			buildRules = (
			);
			dependencies = (
				4F8134B91BF2260E0003E9B3 /* PBXTargetDependency */,
			);
			name = TransferDataTests;
			productName = TransferDataTests;
			productReference = 4F8134B71BF2260E0003E9B3 /* TransferDataTests.xctest */;
			productType = "com.apple.product-type.bundle.unit-test";
		};
		4F8134C11BF2260E0003E9B3 /* TransferDataUITests */ = {
			isa = PBXNativeTarget;
			buildConfigurationList = 4F8134D11BF2260E0003E9B3 /* Build configuration list for PBXNativeTarget "TransferDataUITests" */;
			buildPhases = (
				4F8134BE1BF2260E0003E9B3 /* Sources */,
				4F8134BF1BF2260E0003E9B3 /* Frameworks */,
				4F8134C01BF2260E0003E9B3 /* Resources */,
			);
			buildRules = (
			);
			dependencies = (
				4F8134C41BF2260E0003E9B3 /* PBXTargetDependency */,
			);
			name = TransferDataUITests;
			productName = TransferDataUITests;
			productReference = 4F8134C21BF2260E0003E9B3 /* TransferDataUITests.xctest */;
			productType = "com.apple.product-type.bundle.ui-testing";
		};
/* End PBXNativeTarget section */

/* Begin PBXProject section */
		4F8134961BF2260E0003E9B3 /* Project object */ = {
			isa = PBXProject;
			attributes = {
				LastUpgradeCheck = 0710;
				ORGANIZATIONNAME = IOSDeveloper;
				TargetAttributes = {
					4F81349D1BF2260E0003E9B3 = {
						CreatedOnToolsVersion = 7.1;
						DevelopmentTeam = 9R26SLQA2L;
					};
					4F8134B61BF2260E0003E9B3 = {
						CreatedOnToolsVersion = 7.1;
						DevelopmentTeam = 9R26SLQA2L;
						TestTargetID = 4F81349D1BF2260E0003E9B3;
					};
					4F8134C11BF2260E0003E9B3 = {
						CreatedOnToolsVersion = 7.1;
						DevelopmentTeam = 9R26SLQA2L;
						TestTargetID = 4F81349D1BF2260E0003E9B3;
					};
				};
			};
			buildConfigurationList = 4F8134991BF2260E0003E9B3 /* Build configuration list for PBXProject "TransferData" */;
			compatibilityVersion = "Xcode 3.2";
			developmentRegion = English;
			hasScannedForEncodings = 0;
			knownRegions = (
				en,
				Base,
			);
			mainGroup = 4F8134951BF2260E0003E9B3;
			productRefGroup = 4F81349F1BF2260E0003E9B3 /* Products */;
			projectDirPath = "";
			projectRoot = "";
			targets = (
				4F81349D1BF2260E0003E9B3 /* TransferData */,
				4F8134B61BF2260E0003E9B3 /* TransferDataTests */,
				4F8134C11BF2260E0003E9B3 /* TransferDataUITests */,
			);
		};
/* End PBXProject section */

/* Begin PBXResourcesBuildPhase section */
		4F81349C1BF2260E0003E9B3 /* Resources */ = {
			isa = PBXResourcesBuildPhase;
			buildActionMask = 2147483647;
			files = (
				4F8134B11BF2260E0003E9B3 /* LaunchScreen.storyboard in Resources */,
				4F8134AE1BF2260E0003E9B3 /* Assets.xcassets in Resources */,
				4F8134AC1BF2260E0003E9B3 /* Main.storyboard in Resources */,
			);
			runOnlyForDeploymentPostprocessing = 0;
		};
		4F8134B51BF2260E0003E9B3 /* Resources */ = {
			isa = PBXResourcesBuildPhase;
			buildActionMask = 2147483647;
			files = (
			);
			runOnlyForDeploymentPostprocessing = 0;
		};
		4F8134C01BF2260E0003E9B3 /* Resources */ = {
			isa = PBXResourcesBuildPhase;
			buildActionMask = 2147483647;
			files = (
			);
			runOnlyForDeploymentPostprocessing = 0;
		};
/* End PBXResourcesBuildPhase section */

/* Begin PBXSourcesBuildPhase section */
		4F81349A1BF2260E0003E9B3 /* Sources */ = {
			isa = PBXSourcesBuildPhase;
			buildActionMask = 2147483647;
			files = (
				4F8134E11BF229880003E9B3 /* LYNavigationController.m in Sources */,
				4F8134DA1BF2276B0003E9B3 /* AppDelegate.m in Sources */,
				4F8135291BF22F880003E9B3 /* DownloadListVC.m in Sources */,
				4F8134A31BF2260E0003E9B3 /* main.m in Sources */,
				4F8134DE1BF228150003E9B3 /* AppTableViewController.m in Sources */,
			);
			runOnlyForDeploymentPostprocessing = 0;
		};
		4F8134B31BF2260E0003E9B3 /* Sources */ = {
			isa = PBXSourcesBuildPhase;
			buildActionMask = 2147483647;
			files = (
				4F8134BC1BF2260E0003E9B3 /* TransferDataTests.m in Sources */,
			);
			runOnlyForDeploymentPostprocessing = 0;
		};
		4F8134BE1BF2260E0003E9B3 /* Sources */ = {
			isa = PBXSourcesBuildPhase;
			buildActionMask = 2147483647;
			files = (
				4F8134C71BF2260E0003E9B3 /* TransferDataUITests.m in Sources */,
			);
			runOnlyForDeploymentPostprocessing = 0;
		};
/* End PBXSourcesBuildPhase section */

/* Begin PBXTargetDependency section */
		4F8134B91BF2260E0003E9B3 /* PBXTargetDependency */ = {
			isa = PBXTargetDependency;
			target = 4F81349D1BF2260E0003E9B3 /* TransferData */;
			targetProxy = 4F8134B81BF2260E0003E9B3 /* PBXContainerItemProxy */;
		};
		4F8134C41BF2260E0003E9B3 /* PBXTargetDependency */ = {
			isa = PBXTargetDependency;
			target = 4F81349D1BF2260E0003E9B3 /* TransferData */;
			targetProxy = 4F8134C31BF2260E0003E9B3 /* PBXContainerItemProxy */;
		};
/* End PBXTargetDependency section */

/* Begin PBXVariantGroup section */
		4F8134AA1BF2260E0003E9B3 /* Main.storyboard */ = {
			isa = PBXVariantGroup;
			children = (
				4F8134AB1BF2260E0003E9B3 /* Base */,
			);
			name = Main.storyboard;
			sourceTree = "<group>";
		};
		4F8134AF1BF2260E0003E9B3 /* LaunchScreen.storyboard */ = {
			isa = PBXVariantGroup;
			children = (
				4F8134B01BF2260E0003E9B3 /* Base */,
			);
			name = LaunchScreen.storyboard;
			sourceTree = "<group>";
		};
/* End PBXVariantGroup section */

/* Begin XCBuildConfiguration section */
		4F8134C91BF2260E0003E9B3 /* Debug */ = {
			isa = XCBuildConfiguration;
			buildSettings = {
				ALWAYS_SEARCH_USER_PATHS = NO;
				CLANG_CXX_LANGUAGE_STANDARD = "gnu++0x";
				CLANG_CXX_LIBRARY = "libc++";
				CLANG_ENABLE_MODULES = YES;
				CLANG_ENABLE_OBJC_ARC = YES;
				CLANG_WARN_BOOL_CONVERSION = YES;
				CLANG_WARN_CONSTANT_CONVERSION = YES;
				CLANG_WARN_DIRECT_OBJC_ISA_USAGE = YES_ERROR;
				CLANG_WARN_EMPTY_BODY = YES;
				CLANG_WARN_ENUM_CONVERSION = YES;
				CLANG_WARN_INT_CONVERSION = YES;
				CLANG_WARN_OBJC_ROOT_CLASS = YES_ERROR;
				CLANG_WARN_UNREACHABLE_CODE = YES;
				CLANG_WARN__DUPLICATE_METHOD_MATCH = YES;
				"CODE_SIGN_IDENTITY[sdk=iphoneos*]" = "iPhone Developer";
				COPY_PHASE_STRIP = NO;
				DEBUG_INFORMATION_FORMAT = dwarf;
				ENABLE_STRICT_OBJC_MSGSEND = YES;
				ENABLE_TESTABILITY = YES;
				GCC_C_LANGUAGE_STANDARD = gnu99;
				GCC_DYNAMIC_NO_PIC = NO;
				GCC_NO_COMMON_BLOCKS = YES;
				GCC_OPTIMIZATION_LEVEL = 0;
				GCC_PREPROCESSOR_DEFINITIONS = (
					"DEBUG=1",
					"$(inherited)",
				);
				GCC_WARN_64_TO_32_BIT_CONVERSION = YES;
				GCC_WARN_ABOUT_RETURN_TYPE = YES_ERROR;
				GCC_WARN_UNDECLARED_SELECTOR = YES;
				GCC_WARN_UNINITIALIZED_AUTOS = YES_AGGRESSIVE;
				GCC_WARN_UNUSED_FUNCTION = YES;
				GCC_WARN_UNUSED_VARIABLE = YES;
				IPHONEOS_DEPLOYMENT_TARGET = 9.1;
				MTL_ENABLE_DEBUG_INFO = YES;
				ONLY_ACTIVE_ARCH = YES;
				SDKROOT = iphoneos;
				TARGETED_DEVICE_FAMILY = "1,2";
			};
			name = Debug;
		};
		4F8134CA1BF2260E0003E9B3 /* Release */ = {
			isa = XCBuildConfiguration;
			buildSettings = {
				ALWAYS_SEARCH_USER_PATHS = NO;
				CLANG_CXX_LANGUAGE_STANDARD = "gnu++0x";
				CLANG_CXX_LIBRARY = "libc++";
				CLANG_ENABLE_MODULES = YES;
				CLANG_ENABLE_OBJC_ARC = YES;
				CLANG_WARN_BOOL_CONVERSION = YES;
				CLANG_WARN_CONSTANT_CONVERSION = YES;
				CLANG_WARN_DIRECT_OBJC_ISA_USAGE = YES_ERROR;
				CLANG_WARN_EMPTY_BODY = YES;
				CLANG_WARN_ENUM_CONVERSION = YES;
				CLANG_WARN_INT_CONVERSION = YES;
				CLANG_WARN_OBJC_ROOT_CLASS = YES_ERROR;
				CLANG_WARN_UNREACHABLE_CODE = YES;
				CLANG_WARN__DUPLICATE_METHOD_MATCH = YES;
				"CODE_SIGN_IDENTITY[sdk=iphoneos*]" = "iPhone Developer";
				COPY_PHASE_STRIP = NO;
				DEBUG_INFORMATION_FORMAT = "dwarf-with-dsym";
				ENABLE_NS_ASSERTIONS = NO;
				ENABLE_STRICT_OBJC_MSGSEND = YES;
				GCC_C_LANGUAGE_STANDARD = gnu99;
				GCC_NO_COMMON_BLOCKS = YES;
				GCC_WARN_64_TO_32_BIT_CONVERSION = YES;
				GCC_WARN_ABOUT_RETURN_TYPE = YES_ERROR;
				GCC_WARN_UNDECLARED_SELECTOR = YES;
				GCC_WARN_UNINITIALIZED_AUTOS = YES_AGGRESSIVE;
				GCC_WARN_UNUSED_FUNCTION = YES;
				GCC_WARN_UNUSED_VARIABLE = YES;
				IPHONEOS_DEPLOYMENT_TARGET = 9.1;
				MTL_ENABLE_DEBUG_INFO = NO;
				SDKROOT = iphoneos;
				TARGETED_DEVICE_FAMILY = "1,2";
				VALIDATE_PRODUCT = YES;
			};
			name = Release;
		};
		4F8134CC1BF2260E0003E9B3 /* Debug */ = {
			isa = XCBuildConfiguration;
			buildSettings = {
				ASSETCATALOG_COMPILER_APPICON_NAME = AppIcon;
				INFOPLIST_FILE = TransferData/Info.plist;
				LD_RUNPATH_SEARCH_PATHS = "$(inherited) @executable_path/Frameworks";
				PRODUCT_BUNDLE_IDENTIFIER = LYChow.TransferData;
				PRODUCT_NAME = "$(TARGET_NAME)";
			};
			name = Debug;
		};
		4F8134CD1BF2260E0003E9B3 /* Release */ = {
			isa = XCBuildConfiguration;
			buildSettings = {
				ASSETCATALOG_COMPILER_APPICON_NAME = AppIcon;
				INFOPLIST_FILE = TransferData/Info.plist;
				LD_RUNPATH_SEARCH_PATHS = "$(inherited) @executable_path/Frameworks";
				PRODUCT_BUNDLE_IDENTIFIER = LYChow.TransferData;
				PRODUCT_NAME = "$(TARGET_NAME)";
			};
			name = Release;
		};
		4F8134CF1BF2260E0003E9B3 /* Debug */ = {
			isa = XCBuildConfiguration;
			buildSettings = {
				BUNDLE_LOADER = "$(TEST_HOST)";
				INFOPLIST_FILE = TransferDataTests/Info.plist;
				LD_RUNPATH_SEARCH_PATHS = "$(inherited) @executable_path/Frameworks @loader_path/Frameworks";
				PRODUCT_BUNDLE_IDENTIFIER = LYChow.TransferDataTests;
				PRODUCT_NAME = "$(TARGET_NAME)";
				TEST_HOST = "$(BUILT_PRODUCTS_DIR)/TransferData.app/TransferData";
			};
			name = Debug;
		};
		4F8134D01BF2260E0003E9B3 /* Release */ = {
			isa = XCBuildConfiguration;
			buildSettings = {
				BUNDLE_LOADER = "$(TEST_HOST)";
				INFOPLIST_FILE = TransferDataTests/Info.plist;
				LD_RUNPATH_SEARCH_PATHS = "$(inherited) @executable_path/Frameworks @loader_path/Frameworks";
				PRODUCT_BUNDLE_IDENTIFIER = LYChow.TransferDataTests;
				PRODUCT_NAME = "$(TARGET_NAME)";
				TEST_HOST = "$(BUILT_PRODUCTS_DIR)/TransferData.app/TransferData";
			};
			name = Release;
		};
		4F8134D21BF2260E0003E9B3 /* Debug */ = {
			isa = XCBuildConfiguration;
			buildSettings = {
				INFOPLIST_FILE = TransferDataUITests/Info.plist;
				LD_RUNPATH_SEARCH_PATHS = "$(inherited) @executable_path/Frameworks @loader_path/Frameworks";
				PRODUCT_BUNDLE_IDENTIFIER = LYChow.TransferDataUITests;
				PRODUCT_NAME = "$(TARGET_NAME)";
				TEST_TARGET_NAME = TransferData;
				USES_XCTRUNNER = YES;
			};
			name = Debug;
		};
		4F8134D31BF2260E0003E9B3 /* Release */ = {
			isa = XCBuildConfiguration;
			buildSettings = {
				INFOPLIST_FILE = TransferDataUITests/Info.plist;
				LD_RUNPATH_SEARCH_PATHS = "$(inherited) @executable_path/Frameworks @loader_path/Frameworks";
				PRODUCT_BUNDLE_IDENTIFIER = LYChow.TransferDataUITests;
				PRODUCT_NAME = "$(TARGET_NAME)";
				TEST_TARGET_NAME = TransferData;
				USES_XCTRUNNER = YES;
			};
			name = Release;
		};
/* End XCBuildConfiguration section */

/* Begin XCConfigurationList section */
		4F8134991BF2260E0003E9B3 /* Build configuration list for PBXProject "TransferData" */ = {
			isa = XCConfigurationList;
			buildConfigurations = (
				4F8134C91BF2260E0003E9B3 /* Debug */,
				4F8134CA1BF2260E0003E9B3 /* Release */,
			);
			defaultConfigurationIsVisible = 0;
			defaultConfigurationName = Release;
		};
		4F8134CB1BF2260E0003E9B3 /* Build configuration list for PBXNativeTarget "TransferData" */ = {
			isa = XCConfigurationList;
			buildConfigurations = (
				4F8134CC1BF2260E0003E9B3 /* Debug */,
				4F8134CD1BF2260E0003E9B3 /* Release */,
			);
			defaultConfigurationIsVisible = 0;
		};
		4F8134CE1BF2260E0003E9B3 /* Build configuration list for PBXNativeTarget "TransferDataTests" */ = {
			isa = XCConfigurationList;
			buildConfigurations = (
				4F8134CF1BF2260E0003E9B3 /* Debug */,
				4F8134D01BF2260E0003E9B3 /* Release */,
			);
			defaultConfigurationIsVisible = 0;
		};
		4F8134D11BF2260E0003E9B3 /* Build configuration list for PBXNativeTarget "TransferDataUITests" */ = {
			isa = XCConfigurationList;
			buildConfigurations = (
				4F8134D21BF2260E0003E9B3 /* Debug */,
				4F8134D31BF2260E0003E9B3 /* Release */,
			);
			defaultConfigurationIsVisible = 0;
		};
/* End XCConfigurationList section */
	};
	rootObject = 4F8134961BF2260E0003E9B3 /* Project object */;
}
