// !$*UTF8*$!
{
	archiveVersion = 1;
	classes = {
	};
	objectVersion = 46;
	objects = {

/* Begin PBXAggregateTarget section */
		4FFB843B1BF4692800D3A557 /* Document */ = {
			isa = PBXAggregateTarget;
			buildConfigurationList = 4FFB843C1BF4692800D3A557 /* Build configuration list for PBXAggregateTarget "Document" */;
			buildPhases = (
				4FFB843F1BF4695600D3A557 /* ShellScript */,
			);
			dependencies = (
			);
			name = Document;
			productName = Document;
		};
/* End PBXAggregateTarget section */

/* Begin PBXBuildFile section */
		1BB2E52A98D13AC2FB2F8F76 /* libPods.a in Frameworks */ = {isa = PBXBuildFile; fileRef = 1335140097656F9C9D84E8DB /* libPods.a */; };
		4F1AF8EC1BF58683000BA4B0 /* NSString+Hash.m in Sources */ = {isa = PBXBuildFile; fileRef = 4F1AF8EB1BF58683000BA4B0 /* NSString+Hash.m */; };
		4F1AF8EE1BF586E1000BA4B0 /* MBProgressHUD in Resources */ = {isa = PBXBuildFile; fileRef = 4F1AF8ED1BF586E1000BA4B0 /* MBProgressHUD */; };
		4F30DD161BFA0DF30049A7BD /* libsqlite3.tbd in Frameworks */ = {isa = PBXBuildFile; fileRef = 4F30DD151BFA0DF30049A7BD /* libsqlite3.tbd */; };
		4F30DD1A1BFC75D50049A7BD /* LYBottomView.m in Sources */ = {isa = PBXBuildFile; fileRef = 4F30DD191BFC75D50049A7BD /* LYBottomView.m */; };
		4F30DD1E1BFDC00F0049A7BD /* LYDownloadTool.m in Sources */ = {isa = PBXBuildFile; fileRef = 4F30DD1D1BFDC00F0049A7BD /* LYDownloadTool.m */; };
		4F30DD211BFDC0220049A7BD /* LYUploadTool.m in Sources */ = {isa = PBXBuildFile; fileRef = 4F30DD201BFDC0220049A7BD /* LYUploadTool.m */; };
		4F32C6FB1BF99DE700E31118 /* LYDownloadCell.m in Sources */ = {isa = PBXBuildFile; fileRef = 4F32C6F91BF99DE700E31118 /* LYDownloadCell.m */; };
		4F32C6FC1BF99DE700E31118 /* LYDownloadCell.xib in Resources */ = {isa = PBXBuildFile; fileRef = 4F32C6FA1BF99DE700E31118 /* LYDownloadCell.xib */; };
		4F32C7001BF99E0C00E31118 /* LYDownloadExtentionCell.m in Sources */ = {isa = PBXBuildFile; fileRef = 4F32C6FE1BF99E0B00E31118 /* LYDownloadExtentionCell.m */; };
		4F32C7011BF99E0C00E31118 /* LYDownloadExtentionCell.xib in Resources */ = {isa = PBXBuildFile; fileRef = 4F32C6FF1BF99E0B00E31118 /* LYDownloadExtentionCell.xib */; };
		4F32C7041BF9A01000E31118 /* LYDownloadModel.m in Sources */ = {isa = PBXBuildFile; fileRef = 4F32C7031BF9A01000E31118 /* LYDownloadModel.m */; };
		4F8134A31BF2260E0003E9B3 /* main.m in Sources */ = {isa = PBXBuildFile; fileRef = 4F8134A21BF2260E0003E9B3 /* main.m */; };
		4F8134AC1BF2260E0003E9B3 /* Main.storyboard in Resources */ = {isa = PBXBuildFile; fileRef = 4F8134AA1BF2260E0003E9B3 /* Main.storyboard */; };
		4F8134AE1BF2260E0003E9B3 /* Assets.xcassets in Resources */ = {isa = PBXBuildFile; fileRef = 4F8134AD1BF2260E0003E9B3 /* Assets.xcassets */; };
		4F8134B11BF2260E0003E9B3 /* LaunchScreen.storyboard in Resources */ = {isa = PBXBuildFile; fileRef = 4F8134AF1BF2260E0003E9B3 /* LaunchScreen.storyboard */; };
		4F8134BC1BF2260E0003E9B3 /* TransferDataTests.m in Sources */ = {isa = PBXBuildFile; fileRef = 4F8134BB1BF2260E0003E9B3 /* TransferDataTests.m */; };
		4F8134C71BF2260E0003E9B3 /* TransferDataUITests.m in Sources */ = {isa = PBXBuildFile; fileRef = 4F8134C61BF2260E0003E9B3 /* TransferDataUITests.m */; };
		4F8134DA1BF2276B0003E9B3 /* AppDelegate.m in Sources */ = {isa = PBXBuildFile; fileRef = 4F8134D71BF2276B0003E9B3 /* AppDelegate.m */; };
		4F8134DE1BF228150003E9B3 /* AppTableViewController.m in Sources */ = {isa = PBXBuildFile; fileRef = 4F8134DD1BF228150003E9B3 /* AppTableViewController.m */; };
		4F8134E11BF229880003E9B3 /* LYNavigationController.m in Sources */ = {isa = PBXBuildFile; fileRef = 4F8134E01BF229880003E9B3 /* LYNavigationController.m */; };
		4FFB841E1BF3443F00D3A557 /* LYSliderView.m in Sources */ = {isa = PBXBuildFile; fileRef = 4FFB841D1BF3443F00D3A557 /* LYSliderView.m */; };
		4FFB84271BF383FA00D3A557 /* UIView+Extention.m in Sources */ = {isa = PBXBuildFile; fileRef = 4FFB84261BF383FA00D3A557 /* UIView+Extention.m */; };
		4FFB842A1BF3841500D3A557 /* UIBarButtonItem+Extention.m in Sources */ = {isa = PBXBuildFile; fileRef = 4FFB84291BF3841500D3A557 /* UIBarButtonItem+Extention.m */; };
		4FFB842D1BF4559800D3A557 /* LYViewController.m in Sources */ = {isa = PBXBuildFile; fileRef = 4FFB842C1BF4559800D3A557 /* LYViewController.m */; };
		4FFB84301BF45A4300D3A557 /* LYDownLoadRootVC.m in Sources */ = {isa = PBXBuildFile; fileRef = 4FFB842F1BF45A4300D3A557 /* LYDownLoadRootVC.m */; };
		4FFB84371BF45BF100D3A557 /* LYVideoDownloadVC.m in Sources */ = {isa = PBXBuildFile; fileRef = 4FFB84361BF45BF100D3A557 /* LYVideoDownloadVC.m */; };
		4FFB843A1BF45C1500D3A557 /* LYImageDownloadVC.m in Sources */ = {isa = PBXBuildFile; fileRef = 4FFB84391BF45C1500D3A557 /* LYImageDownloadVC.m */; };
/* End PBXBuildFile section */

/* Begin PBXContainerItemProxy section */
		4F8134B81BF2260E0003E9B3 /* PBXContainerItemProxy */ = {
			isa = PBXContainerItemProxy;
			containerPortal = 4F8134961BF2260E0003E9B3 /* Project object */;
			proxyType = 1;
			remoteGlobalIDString = 4F81349D1BF2260E0003E9B3;
			remoteInfo = TransferData;
		};
		4F8134C31BF2260E0003E9B3 /* PBXContainerItemProxy */ = {
			isa = PBXContainerItemProxy;
			containerPortal = 4F8134961BF2260E0003E9B3 /* Project object */;
			proxyType = 1;
			remoteGlobalIDString = 4F81349D1BF2260E0003E9B3;
			remoteInfo = TransferData;
		};
/* End PBXContainerItemProxy section */

/* Begin PBXFileReference section */
		1335140097656F9C9D84E8DB /* libPods.a */ = {isa = PBXFileReference; explicitFileType = archive.ar; includeInIndex = 0; path = libPods.a; sourceTree = BUILT_PRODUCTS_DIR; };
		4F1AF8EA1BF58683000BA4B0 /* NSString+Hash.h */ = {isa = PBXFileReference; fileEncoding = 4; lastKnownFileType = sourcecode.c.h; path = "NSString+Hash.h"; sourceTree = "<group>"; };
		4F1AF8EB1BF58683000BA4B0 /* NSString+Hash.m */ = {isa = PBXFileReference; fileEncoding = 4; lastKnownFileType = sourcecode.c.objc; path = "NSString+Hash.m"; sourceTree = "<group>"; };
		4F1AF8ED1BF586E1000BA4B0 /* MBProgressHUD */ = {isa = PBXFileReference; lastKnownFileType = folder; path = MBProgressHUD; sourceTree = "<group>"; };
		4F30DD151BFA0DF30049A7BD /* libsqlite3.tbd */ = {isa = PBXFileReference; lastKnownFileType = "sourcecode.text-based-dylib-definition"; name = libsqlite3.tbd; path = usr/lib/libsqlite3.tbd; sourceTree = SDKROOT; };
		4F30DD181BFC75D50049A7BD /* LYBottomView.h */ = {isa = PBXFileReference; fileEncoding = 4; lastKnownFileType = sourcecode.c.h; path = LYBottomView.h; sourceTree = "<group>"; };
		4F30DD191BFC75D50049A7BD /* LYBottomView.m */ = {isa = PBXFileReference; fileEncoding = 4; lastKnownFileType = sourcecode.c.objc; path = LYBottomView.m; sourceTree = "<group>"; };
		4F30DD1C1BFDC00F0049A7BD /* LYDownloadTool.h */ = {isa = PBXFileReference; fileEncoding = 4; lastKnownFileType = sourcecode.c.h; path = LYDownloadTool.h; sourceTree = "<group>"; };
		4F30DD1D1BFDC00F0049A7BD /* LYDownloadTool.m */ = {isa = PBXFileReference; fileEncoding = 4; lastKnownFileType = sourcecode.c.objc; path = LYDownloadTool.m; sourceTree = "<group>"; };
		4F30DD1F1BFDC0220049A7BD /* LYUploadTool.h */ = {isa = PBXFileReference; fileEncoding = 4; lastKnownFileType = sourcecode.c.h; path = LYUploadTool.h; sourceTree = "<group>"; };
		4F30DD201BFDC0220049A7BD /* LYUploadTool.m */ = {isa = PBXFileReference; fileEncoding = 4; lastKnownFileType = sourcecode.c.objc; path = LYUploadTool.m; sourceTree = "<group>"; };
		4F32C6F81BF99DE700E31118 /* LYDownloadCell.h */ = {isa = PBXFileReference; fileEncoding = 4; lastKnownFileType = sourcecode.c.h; path = LYDownloadCell.h; sourceTree = "<group>"; };
		4F32C6F91BF99DE700E31118 /* LYDownloadCell.m */ = {isa = PBXFileReference; fileEncoding = 4; lastKnownFileType = sourcecode.c.objc; path = LYDownloadCell.m; sourceTree = "<group>"; };
		4F32C6FA1BF99DE700E31118 /* LYDownloadCell.xib */ = {isa = PBXFileReference; fileEncoding = 4; lastKnownFileType = file.xib; path = LYDownloadCell.xib; sourceTree = "<group>"; };
		4F32C6FD1BF99E0B00E31118 /* LYDownloadExtentionCell.h */ = {isa = PBXFileReference; fileEncoding = 4; lastKnownFileType = sourcecode.c.h; path = LYDownloadExtentionCell.h; sourceTree = "<group>"; };
		4F32C6FE1BF99E0B00E31118 /* LYDownloadExtentionCell.m */ = {isa = PBXFileReference; fileEncoding = 4; lastKnownFileType = sourcecode.c.objc; path = LYDownloadExtentionCell.m; sourceTree = "<group>"; };
		4F32C6FF1BF99E0B00E31118 /* LYDownloadExtentionCell.xib */ = {isa = PBXFileReference; fileEncoding = 4; lastKnownFileType = file.xib; path = LYDownloadExtentionCell.xib; sourceTree = "<group>"; };
		4F32C7021BF9A01000E31118 /* LYDownloadModel.h */ = {isa = PBXFileReference; fileEncoding = 4; lastKnownFileType = sourcecode.c.h; path = LYDownloadModel.h; sourceTree = "<group>"; };
		4F32C7031BF9A01000E31118 /* LYDownloadModel.m */ = {isa = PBXFileReference; fileEncoding = 4; lastKnownFileType = sourcecode.c.objc; path = LYDownloadModel.m; sourceTree = "<group>"; };
		4F81349E1BF2260E0003E9B3 /* TransferData.app */ = {isa = PBXFileReference; explicitFileType = wrapper.application; includeInIndex = 0; path = TransferData.app; sourceTree = BUILT_PRODUCTS_DIR; };
		4F8134A21BF2260E0003E9B3 /* main.m */ = {isa = PBXFileReference; lastKnownFileType = sourcecode.c.objc; path = main.m; sourceTree = "<group>"; };
		4F8134AB1BF2260E0003E9B3 /* Base */ = {isa = PBXFileReference; lastKnownFileType = file.storyboard; name = Base; path = Base.lproj/Main.storyboard; sourceTree = "<group>"; };
		4F8134AD1BF2260E0003E9B3 /* Assets.xcassets */ = {isa = PBXFileReference; lastKnownFileType = folder.assetcatalog; path = Assets.xcassets; sourceTree = "<group>"; };
		4F8134B01BF2260E0003E9B3 /* Base */ = {isa = PBXFileReference; lastKnownFileType = file.storyboard; name = Base; path = Base.lproj/LaunchScreen.storyboard; sourceTree = "<group>"; };
		4F8134B21BF2260E0003E9B3 /* Info.plist */ = {isa = PBXFileReference; lastKnownFileType = text.plist.xml; path = Info.plist; sourceTree = "<group>"; };
		4F8134B71BF2260E0003E9B3 /* TransferDataTests.xctest */ = {isa = PBXFileReference; explicitFileType = wrapper.cfbundle; includeInIndex = 0; path = TransferDataTests.xctest; sourceTree = BUILT_PRODUCTS_DIR; };
		4F8134BB1BF2260E0003E9B3 /* TransferDataTests.m */ = {isa = PBXFileReference; lastKnownFileType = sourcecode.c.objc; path = TransferDataTests.m; sourceTree = "<group>"; };
		4F8134BD1BF2260E0003E9B3 /* Info.plist */ = {isa = PBXFileReference; lastKnownFileType = text.plist.xml; path = Info.plist; sourceTree = "<group>"; };
		4F8134C21BF2260E0003E9B3 /* TransferDataUITests.xctest */ = {isa = PBXFileReference; explicitFileType = wrapper.cfbundle; includeInIndex = 0; path = TransferDataUITests.xctest; sourceTree = BUILT_PRODUCTS_DIR; };
		4F8134C61BF2260E0003E9B3 /* TransferDataUITests.m */ = {isa = PBXFileReference; lastKnownFileType = sourcecode.c.objc; path = TransferDataUITests.m; sourceTree = "<group>"; };
		4F8134C81BF2260E0003E9B3 /* Info.plist */ = {isa = PBXFileReference; lastKnownFileType = text.plist.xml; path = Info.plist; sourceTree = "<group>"; };
		4F8134D61BF2276B0003E9B3 /* AppDelegate.h */ = {isa = PBXFileReference; fileEncoding = 4; lastKnownFileType = sourcecode.c.h; path = AppDelegate.h; sourceTree = "<group>"; };
		4F8134D71BF2276B0003E9B3 /* AppDelegate.m */ = {isa = PBXFileReference; fileEncoding = 4; lastKnownFileType = sourcecode.c.objc; path = AppDelegate.m; sourceTree = "<group>"; };
		4F8134DC1BF228150003E9B3 /* AppTableViewController.h */ = {isa = PBXFileReference; fileEncoding = 4; lastKnownFileType = sourcecode.c.h; path = AppTableViewController.h; sourceTree = "<group>"; };
		4F8134DD1BF228150003E9B3 /* AppTableViewController.m */ = {isa = PBXFileReference; fileEncoding = 4; lastKnownFileType = sourcecode.c.objc; path = AppTableViewController.m; sourceTree = "<group>"; };
		4F8134DF1BF229880003E9B3 /* LYNavigationController.h */ = {isa = PBXFileReference; fileEncoding = 4; lastKnownFileType = sourcecode.c.h; path = LYNavigationController.h; sourceTree = "<group>"; };
		4F8134E01BF229880003E9B3 /* LYNavigationController.m */ = {isa = PBXFileReference; fileEncoding = 4; lastKnownFileType = sourcecode.c.objc; path = LYNavigationController.m; sourceTree = "<group>"; };
		4FFB841C1BF3443F00D3A557 /* LYSliderView.h */ = {isa = PBXFileReference; fileEncoding = 4; lastKnownFileType = sourcecode.c.h; path = LYSliderView.h; sourceTree = "<group>"; };
		4FFB841D1BF3443F00D3A557 /* LYSliderView.m */ = {isa = PBXFileReference; fileEncoding = 4; lastKnownFileType = sourcecode.c.objc; path = LYSliderView.m; sourceTree = "<group>"; };
		4FFB84211BF36FBF00D3A557 /* LYConst.h */ = {isa = PBXFileReference; fileEncoding = 4; lastKnownFileType = sourcecode.c.h; path = LYConst.h; sourceTree = "<group>"; };
		4FFB84251BF383FA00D3A557 /* UIView+Extention.h */ = {isa = PBXFileReference; fileEncoding = 4; lastKnownFileType = sourcecode.c.h; path = "UIView+Extention.h"; sourceTree = "<group>"; };
		4FFB84261BF383FA00D3A557 /* UIView+Extention.m */ = {isa = PBXFileReference; fileEncoding = 4; lastKnownFileType = sourcecode.c.objc; path = "UIView+Extention.m"; sourceTree = "<group>"; };
		4FFB84281BF3841500D3A557 /* UIBarButtonItem+Extention.h */ = {isa = PBXFileReference; fileEncoding = 4; lastKnownFileType = sourcecode.c.h; path = "UIBarButtonItem+Extention.h"; sourceTree = "<group>"; };
		4FFB84291BF3841500D3A557 /* UIBarButtonItem+Extention.m */ = {isa = PBXFileReference; fileEncoding = 4; lastKnownFileType = sourcecode.c.objc; path = "UIBarButtonItem+Extention.m"; sourceTree = "<group>"; };
		4FFB842B1BF4559800D3A557 /* LYViewController.h */ = {isa = PBXFileReference; fileEncoding = 4; lastKnownFileType = sourcecode.c.h; path = LYViewController.h; sourceTree = "<group>"; };
		4FFB842C1BF4559800D3A557 /* LYViewController.m */ = {isa = PBXFileReference; fileEncoding = 4; lastKnownFileType = sourcecode.c.objc; path = LYViewController.m; sourceTree = "<group>"; };
		4FFB842E1BF45A4300D3A557 /* LYDownLoadRootVC.h */ = {isa = PBXFileReference; fileEncoding = 4; lastKnownFileType = sourcecode.c.h; path = LYDownLoadRootVC.h; sourceTree = "<group>"; };
		4FFB842F1BF45A4300D3A557 /* LYDownLoadRootVC.m */ = {isa = PBXFileReference; fileEncoding = 4; lastKnownFileType = sourcecode.c.objc; path = LYDownLoadRootVC.m; sourceTree = "<group>"; };
		4FFB84351BF45BF100D3A557 /* LYVideoDownloadVC.h */ = {isa = PBXFileReference; fileEncoding = 4; lastKnownFileType = sourcecode.c.h; path = LYVideoDownloadVC.h; sourceTree = "<group>"; };
		4FFB84361BF45BF100D3A557 /* LYVideoDownloadVC.m */ = {isa = PBXFileReference; fileEncoding = 4; lastKnownFileType = sourcecode.c.objc; path = LYVideoDownloadVC.m; sourceTree = "<group>"; };
		4FFB84381BF45C1500D3A557 /* LYImageDownloadVC.h */ = {isa = PBXFileReference; fileEncoding = 4; lastKnownFileType = sourcecode.c.h; path = LYImageDownloadVC.h; sourceTree = "<group>"; };
		4FFB84391BF45C1500D3A557 /* LYImageDownloadVC.m */ = {isa = PBXFileReference; fileEncoding = 4; lastKnownFileType = sourcecode.c.objc; path = LYImageDownloadVC.m; sourceTree = "<group>"; };
		89670F520F8D5F12E1F21F90 /* Pods.debug.xcconfig */ = {isa = PBXFileReference; includeInIndex = 1; lastKnownFileType = text.xcconfig; name = Pods.debug.xcconfig; path = "Pods/Target Support Files/Pods/Pods.debug.xcconfig"; sourceTree = "<group>"; };
		E0D0EB38F0D1ABB3068E9A67 /* Pods.release.xcconfig */ = {isa = PBXFileReference; includeInIndex = 1; lastKnownFileType = text.xcconfig; name = Pods.release.xcconfig; path = "Pods/Target Support Files/Pods/Pods.release.xcconfig"; sourceTree = "<group>"; };
/* End PBXFileReference section */

/* Begin PBXFrameworksBuildPhase section */
		4F81349B1BF2260E0003E9B3 /* Frameworks */ = {
			isa = PBXFrameworksBuildPhase;
			buildActionMask = 2147483647;
			files = (
				4F30DD161BFA0DF30049A7BD /* libsqlite3.tbd in Frameworks */,
				1BB2E52A98D13AC2FB2F8F76 /* libPods.a in Frameworks */,
			);
			runOnlyForDeploymentPostprocessing = 0;
		};
		4F8134B41BF2260E0003E9B3 /* Frameworks */ = {
			isa = PBXFrameworksBuildPhase;
			buildActionMask = 2147483647;
			files = (
			);
			runOnlyForDeploymentPostprocessing = 0;
		};
		4F8134BF1BF2260E0003E9B3 /* Frameworks */ = {
			isa = PBXFrameworksBuildPhase;
			buildActionMask = 2147483647;
			files = (
			);
			runOnlyForDeploymentPostprocessing = 0;
		};
/* End PBXFrameworksBuildPhase section */

/* Begin PBXGroup section */
		4F30DD171BFC75A80049A7BD /* CustomView */ = {
			isa = PBXGroup;
			children = (
				4FFB841C1BF3443F00D3A557 /* LYSliderView.h */,
				4FFB841D1BF3443F00D3A557 /* LYSliderView.m */,
				4F30DD181BFC75D50049A7BD /* LYBottomView.h */,
				4F30DD191BFC75D50049A7BD /* LYBottomView.m */,
			);
			name = CustomView;
			sourceTree = "<group>";
		};
		4F30DD1B1BFDBFE30049A7BD /* Tools */ = {
			isa = PBXGroup;
			children = (
				4F30DD1C1BFDC00F0049A7BD /* LYDownloadTool.h */,
				4F30DD1D1BFDC00F0049A7BD /* LYDownloadTool.m */,
				4F30DD1F1BFDC0220049A7BD /* LYUploadTool.h */,
				4F30DD201BFDC0220049A7BD /* LYUploadTool.m */,
			);
			name = Tools;
			sourceTree = "<group>";
		};
		4F32C6F51BF992C900E31118 /* ViewController */ = {
			isa = PBXGroup;
			children = (
				4FFB842E1BF45A4300D3A557 /* LYDownLoadRootVC.h */,
				4FFB842F1BF45A4300D3A557 /* LYDownLoadRootVC.m */,
				4FFB84351BF45BF100D3A557 /* LYVideoDownloadVC.h */,
				4FFB84361BF45BF100D3A557 /* LYVideoDownloadVC.m */,
				4FFB84381BF45C1500D3A557 /* LYImageDownloadVC.h */,
				4FFB84391BF45C1500D3A557 /* LYImageDownloadVC.m */,
			);
			name = ViewController;
			sourceTree = "<group>";
		};
		4F32C6F61BF992D600E31118 /* View */ = {
			isa = PBXGroup;
			children = (
				4F32C6F81BF99DE700E31118 /* LYDownloadCell.h */,
				4F32C6F91BF99DE700E31118 /* LYDownloadCell.m */,
				4F32C6FA1BF99DE700E31118 /* LYDownloadCell.xib */,
				4F32C6FD1BF99E0B00E31118 /* LYDownloadExtentionCell.h */,
				4F32C6FE1BF99E0B00E31118 /* LYDownloadExtentionCell.m */,
				4F32C6FF1BF99E0B00E31118 /* LYDownloadExtentionCell.xib */,
			);
			name = View;
			sourceTree = "<group>";
		};
		4F32C6F71BF992E600E31118 /* Model */ = {
			isa = PBXGroup;
			children = (
				4F32C7021BF9A01000E31118 /* LYDownloadModel.h */,
				4F32C7031BF9A01000E31118 /* LYDownloadModel.m */,
			);
			name = Model;
			sourceTree = "<group>";
		};
		4F8134951BF2260E0003E9B3 = {
			isa = PBXGroup;
			children = (
				4F8134A01BF2260E0003E9B3 /* TransferData */,
				4F8134BA1BF2260E0003E9B3 /* TransferDataTests */,
				4F8134C51BF2260E0003E9B3 /* TransferDataUITests */,
				4F81349F1BF2260E0003E9B3 /* Products */,
				743AEEA4D7FC85E880B339B7 /* Pods */,
				77B1A0AD59BD9D3B99E68E6B /* Frameworks */,
			);
			sourceTree = "<group>";
		};
		4F81349F1BF2260E0003E9B3 /* Products */ = {
			isa = PBXGroup;
			children = (
				4F81349E1BF2260E0003E9B3 /* TransferData.app */,
				4F8134B71BF2260E0003E9B3 /* TransferDataTests.xctest */,
				4F8134C21BF2260E0003E9B3 /* TransferDataUITests.xctest */,
			);
			name = Products;
			sourceTree = "<group>";
		};
		4F8134A01BF2260E0003E9B3 /* TransferData */ = {
			isa = PBXGroup;
			children = (
				4F8134D61BF2276B0003E9B3 /* AppDelegate.h */,
				4F8134D71BF2276B0003E9B3 /* AppDelegate.m */,
				4F8134DC1BF228150003E9B3 /* AppTableViewController.h */,
				4F8134DD1BF228150003E9B3 /* AppTableViewController.m */,
				4F8134DF1BF229880003E9B3 /* LYNavigationController.h */,
				4F8134E01BF229880003E9B3 /* LYNavigationController.m */,
				4FFB842B1BF4559800D3A557 /* LYViewController.h */,
				4FFB842C1BF4559800D3A557 /* LYViewController.m */,
				4FFB84341BF45AF300D3A557 /* Upload */,
				4FFB84331BF45A9500D3A557 /* DownLoad */,
				4FFB84321BF45A6400D3A557 /* WiFItransfer */,
				4FFB84311BF45A4F00D3A557 /* NetWorkDownload */,
				4FFB841B1BF3437800D3A557 /* Unitils */,
				4F8134A11BF2260E0003E9B3 /* Supporting Files */,
			);
			path = TransferData;
			sourceTree = "<group>";
		};
		4F8134A11BF2260E0003E9B3 /* Supporting Files */ = {
			isa = PBXGroup;
			children = (
				4F8134AA1BF2260E0003E9B3 /* Main.storyboard */,
				4F8134AD1BF2260E0003E9B3 /* Assets.xcassets */,
				4F8134AF1BF2260E0003E9B3 /* LaunchScreen.storyboard */,
				4F8134B21BF2260E0003E9B3 /* Info.plist */,
				4F8134A21BF2260E0003E9B3 /* main.m */,
			);
			name = "Supporting Files";
			sourceTree = "<group>";
		};
		4F8134BA1BF2260E0003E9B3 /* TransferDataTests */ = {
			isa = PBXGroup;
			children = (
				4F8134BB1BF2260E0003E9B3 /* TransferDataTests.m */,
				4F8134BD1BF2260E0003E9B3 /* Info.plist */,
			);
			path = TransferDataTests;
			sourceTree = "<group>";
		};
		4F8134C51BF2260E0003E9B3 /* TransferDataUITests */ = {
			isa = PBXGroup;
			children = (
				4F8134C61BF2260E0003E9B3 /* TransferDataUITests.m */,
				4F8134C81BF2260E0003E9B3 /* Info.plist */,
			);
			path = TransferDataUITests;
			sourceTree = "<group>";
		};
		4FFB841B1BF3437800D3A557 /* Unitils */ = {
			isa = PBXGroup;
			children = (
				4F30DD1B1BFDBFE30049A7BD /* Tools */,
				4F30DD171BFC75A80049A7BD /* CustomView */,
				4FFB84241BF3821F00D3A557 /* Category */,
				4FFB84401BF46DC700D3A557 /* Lib */,
				4FFB84201BF36F8E00D3A557 /* Const */,
			);
			name = Unitils;
			sourceTree = "<group>";
		};
		4FFB84201BF36F8E00D3A557 /* Const */ = {
			isa = PBXGroup;
			children = (
				4FFB84211BF36FBF00D3A557 /* LYConst.h */,
			);
			name = Const;
			sourceTree = "<group>";
		};
		4FFB84241BF3821F00D3A557 /* Category */ = {
			isa = PBXGroup;
			children = (
				4FFB84251BF383FA00D3A557 /* UIView+Extention.h */,
				4FFB84261BF383FA00D3A557 /* UIView+Extention.m */,
				4FFB84281BF3841500D3A557 /* UIBarButtonItem+Extention.h */,
				4FFB84291BF3841500D3A557 /* UIBarButtonItem+Extention.m */,
				4F1AF8EA1BF58683000BA4B0 /* NSString+Hash.h */,
				4F1AF8EB1BF58683000BA4B0 /* NSString+Hash.m */,
			);
			name = Category;
			sourceTree = "<group>";
		};
		4FFB84311BF45A4F00D3A557 /* NetWorkDownload */ = {
			isa = PBXGroup;
			children = (
				4F32C6F71BF992E600E31118 /* Model */,
				4F32C6F61BF992D600E31118 /* View */,
				4F32C6F51BF992C900E31118 /* ViewController */,
			);
			name = NetWorkDownload;
			sourceTree = "<group>";
		};
		4FFB84321BF45A6400D3A557 /* WiFItransfer */ = {
			isa = PBXGroup;
			children = (
			);
			name = WiFItransfer;
			sourceTree = "<group>";
		};
		4FFB84331BF45A9500D3A557 /* DownLoad */ = {
			isa = PBXGroup;
			children = (
			);
			name = DownLoad;
			sourceTree = "<group>";
		};
		4FFB84341BF45AF300D3A557 /* Upload */ = {
			isa = PBXGroup;
			children = (
			);
			name = Upload;
			sourceTree = "<group>";
		};
		4FFB84401BF46DC700D3A557 /* Lib */ = {
			isa = PBXGroup;
			children = (
				4F1AF8ED1BF586E1000BA4B0 /* MBProgressHUD */,
			);
			name = Lib;
			sourceTree = "<group>";
		};
		743AEEA4D7FC85E880B339B7 /* Pods */ = {
			isa = PBXGroup;
			children = (
				89670F520F8D5F12E1F21F90 /* Pods.debug.xcconfig */,
				E0D0EB38F0D1ABB3068E9A67 /* Pods.release.xcconfig */,
			);
			name = Pods;
			sourceTree = "<group>";
		};
		77B1A0AD59BD9D3B99E68E6B /* Frameworks */ = {
			isa = PBXGroup;
			children = (
				4F30DD151BFA0DF30049A7BD /* libsqlite3.tbd */,
				1335140097656F9C9D84E8DB /* libPods.a */,
			);
			name = Frameworks;
			sourceTree = "<group>";
		};
/* End PBXGroup section */

/* Begin PBXNativeTarget section */
		4F81349D1BF2260E0003E9B3 /* TransferData */ = {
			isa = PBXNativeTarget;
			buildConfigurationList = 4F8134CB1BF2260E0003E9B3 /* Build configuration list for PBXNativeTarget "TransferData" */;
			buildPhases = (
				0E9DDCFE4689699285CF3B7A /* Check Pods Manifest.lock */,
				4F81349A1BF2260E0003E9B3 /* Sources */,
				4F81349B1BF2260E0003E9B3 /* Frameworks */,
				4F81349C1BF2260E0003E9B3 /* Resources */,
				86E0988A53D2A378F579DFB2 /* Embed Pods Frameworks */,
				C8BF05E531069E578ECC25BB /* Copy Pods Resources */,
			);
			buildRules = (
			);
			dependencies = (
			);
			name = TransferData;
			productName = TransferData;
			productReference = 4F81349E1BF2260E0003E9B3 /* TransferData.app */;
			productType = "com.apple.product-type.application";
		};
		4F8134B61BF2260E0003E9B3 /* TransferDataTests */ = {
			isa = PBXNativeTarget;
			buildConfigurationList = 4F8134CE1BF2260E0003E9B3 /* Build configuration list for PBXNativeTarget "TransferDataTests" */;
			buildPhases = (
				4F8134B31BF2260E0003E9B3 /* Sources */,
				4F8134B41BF2260E0003E9B3 /* Frameworks */,
				4F8134B51BF2260E0003E9B3 /* Resources */,
			);
			buildRules = (
			);
			dependencies = (
				4F8134B91BF2260E0003E9B3 /* PBXTargetDependency */,
			);
			name = TransferDataTests;
			productName = TransferDataTests;
			productReference = 4F8134B71BF2260E0003E9B3 /* TransferDataTests.xctest */;
			productType = "com.apple.product-type.bundle.unit-test";
		};
		4F8134C11BF2260E0003E9B3 /* TransferDataUITests */ = {
			isa = PBXNativeTarget;
			buildConfigurationList = 4F8134D11BF2260E0003E9B3 /* Build configuration list for PBXNativeTarget "TransferDataUITests" */;
			buildPhases = (
				4F8134BE1BF2260E0003E9B3 /* Sources */,
				4F8134BF1BF2260E0003E9B3 /* Frameworks */,
				4F8134C01BF2260E0003E9B3 /* Resources */,
			);
			buildRules = (
			);
			dependencies = (
				4F8134C41BF2260E0003E9B3 /* PBXTargetDependency */,
			);
			name = TransferDataUITests;
			productName = TransferDataUITests;
			productReference = 4F8134C21BF2260E0003E9B3 /* TransferDataUITests.xctest */;
			productType = "com.apple.product-type.bundle.ui-testing";
		};
/* End PBXNativeTarget section */

/* Begin PBXProject section */
		4F8134961BF2260E0003E9B3 /* Project object */ = {
			isa = PBXProject;
			attributes = {
				CLASSPREFIX = LY;
				LastUpgradeCheck = 0710;
				ORGANIZATIONNAME = IOSDeveloper;
				TargetAttributes = {
					4F81349D1BF2260E0003E9B3 = {
						CreatedOnToolsVersion = 7.1;
						DevelopmentTeam = 9R26SLQA2L;
					};
					4F8134B61BF2260E0003E9B3 = {
						CreatedOnToolsVersion = 7.1;
						DevelopmentTeam = 9R26SLQA2L;
						TestTargetID = 4F81349D1BF2260E0003E9B3;
					};
					4F8134C11BF2260E0003E9B3 = {
						CreatedOnToolsVersion = 7.1;
						DevelopmentTeam = 9R26SLQA2L;
						TestTargetID = 4F81349D1BF2260E0003E9B3;
					};
					4FFB843B1BF4692800D3A557 = {
						CreatedOnToolsVersion = 7.1;
						DevelopmentTeam = 9R26SLQA2L;
					};
				};
			};
			buildConfigurationList = 4F8134991BF2260E0003E9B3 /* Build configuration list for PBXProject "TransferData" */;
			compatibilityVersion = "Xcode 3.2";
			developmentRegion = English;
			hasScannedForEncodings = 0;
			knownRegions = (
				en,
				Base,
			);
			mainGroup = 4F8134951BF2260E0003E9B3;
			productRefGroup = 4F81349F1BF2260E0003E9B3 /* Products */;
			projectDirPath = "";
			projectRoot = "";
			targets = (
				4F81349D1BF2260E0003E9B3 /* TransferData */,
				4F8134B61BF2260E0003E9B3 /* TransferDataTests */,
				4F8134C11BF2260E0003E9B3 /* TransferDataUITests */,
				4FFB843B1BF4692800D3A557 /* Document */,
			);
		};
/* End PBXProject section */

/* Begin PBXResourcesBuildPhase section */
		4F81349C1BF2260E0003E9B3 /* Resources */ = {
			isa = PBXResourcesBuildPhase;
			buildActionMask = 2147483647;
			files = (
				4F32C6FC1BF99DE700E31118 /* LYDownloadCell.xib in Resources */,
				4F32C7011BF99E0C00E31118 /* LYDownloadExtentionCell.xib in Resources */,
				4F8134B11BF2260E0003E9B3 /* LaunchScreen.storyboard in Resources */,
				4F8134AE1BF2260E0003E9B3 /* Assets.xcassets in Resources */,
				4F1AF8EE1BF586E1000BA4B0 /* MBProgressHUD in Resources */,
				4F8134AC1BF2260E0003E9B3 /* Main.storyboard in Resources */,
			);
			runOnlyForDeploymentPostprocessing = 0;
		};
		4F8134B51BF2260E0003E9B3 /* Resources */ = {
			isa = PBXResourcesBuildPhase;
			buildActionMask = 2147483647;
			files = (
			);
			runOnlyForDeploymentPostprocessing = 0;
		};
		4F8134C01BF2260E0003E9B3 /* Resources */ = {
			isa = PBXResourcesBuildPhase;
			buildActionMask = 2147483647;
			files = (
			);
			runOnlyForDeploymentPostprocessing = 0;
		};
/* End PBXResourcesBuildPhase section */

/* Begin PBXShellScriptBuildPhase section */
		0E9DDCFE4689699285CF3B7A /* Check Pods Manifest.lock */ = {
			isa = PBXShellScriptBuildPhase;
			buildActionMask = 2147483647;
			files = (
			);
			inputPaths = (
			);
			name = "Check Pods Manifest.lock";
			outputPaths = (
			);
			runOnlyForDeploymentPostprocessing = 0;
			shellPath = /bin/sh;
			shellScript = "diff \"${PODS_ROOT}/../Podfile.lock\" \"${PODS_ROOT}/Manifest.lock\" > /dev/null\nif [[ $? != 0 ]] ; then\n    cat << EOM\nerror: The sandbox is not in sync with the Podfile.lock. Run 'pod install' or update your CocoaPods installation.\nEOM\n    exit 1\nfi\n";
			showEnvVarsInLog = 0;
		};
		4FFB843F1BF4695600D3A557 /* ShellScript */ = {
			isa = PBXShellScriptBuildPhase;
			buildActionMask = 2147483647;
			files = (
			);
			inputPaths = (
			);
			outputPaths = (
			);
			runOnlyForDeploymentPostprocessing = 0;
			shellPath = /bin/sh;
			shellScript = "# shell script goes here\n\nmkdir -p headerDoc\n\nfind ./TransferData -name \\*.h -print | xargs headerdoc2html -o headerDoc\n\ngatherheaderdoc headerDoc\n\nexit 0";
		};
		86E0988A53D2A378F579DFB2 /* Embed Pods Frameworks */ = {
			isa = PBXShellScriptBuildPhase;
			buildActionMask = 2147483647;
			files = (
			);
			inputPaths = (
			);
			name = "Embed Pods Frameworks";
			outputPaths = (
			);
			runOnlyForDeploymentPostprocessing = 0;
			shellPath = /bin/sh;
			shellScript = "\"${SRCROOT}/Pods/Target Support Files/Pods/Pods-frameworks.sh\"\n";
			showEnvVarsInLog = 0;
		};
		C8BF05E531069E578ECC25BB /* Copy Pods Resources */ = {
			isa = PBXShellScriptBuildPhase;
			buildActionMask = 2147483647;
			files = (
			);
			inputPaths = (
			);
			name = "Copy Pods Resources";
			outputPaths = (
			);
			runOnlyForDeploymentPostprocessing = 0;
			shellPath = /bin/sh;
			shellScript = "\"${SRCROOT}/Pods/Target Support Files/Pods/Pods-resources.sh\"\n";
			showEnvVarsInLog = 0;
		};
/* End PBXShellScriptBuildPhase section */

/* Begin PBXSourcesBuildPhase section */
		4F81349A1BF2260E0003E9B3 /* Sources */ = {
			isa = PBXSourcesBuildPhase;
			buildActionMask = 2147483647;
			files = (
				4F8134E11BF229880003E9B3 /* LYNavigationController.m in Sources */,
				4F1AF8EC1BF58683000BA4B0 /* NSString+Hash.m in Sources */,
				4F8134DA1BF2276B0003E9B3 /* AppDelegate.m in Sources */,
				4FFB84271BF383FA00D3A557 /* UIView+Extention.m in Sources */,
				4F30DD1E1BFDC00F0049A7BD /* LYDownloadTool.m in Sources */,
				4FFB841E1BF3443F00D3A557 /* LYSliderView.m in Sources */,
				4FFB842A1BF3841500D3A557 /* UIBarButtonItem+Extention.m in Sources */,
				4FFB84371BF45BF100D3A557 /* LYVideoDownloadVC.m in Sources */,
				4F32C7041BF9A01000E31118 /* LYDownloadModel.m in Sources */,
				4F30DD211BFDC0220049A7BD /* LYUploadTool.m in Sources */,
				4F32C6FB1BF99DE700E31118 /* LYDownloadCell.m in Sources */,
				4F8134A31BF2260E0003E9B3 /* main.m in Sources */,
				4F32C7001BF99E0C00E31118 /* LYDownloadExtentionCell.m in Sources */,
				4FFB84301BF45A4300D3A557 /* LYDownLoadRootVC.m in Sources */,
				4FFB843A1BF45C1500D3A557 /* LYImageDownloadVC.m in Sources */,
				4F8134DE1BF228150003E9B3 /* AppTableViewController.m in Sources */,
				4F30DD1A1BFC75D50049A7BD /* LYBottomView.m in Sources */,
				4FFB842D1BF4559800D3A557 /* LYViewController.m in Sources */,
			);
			runOnlyForDeploymentPostprocessing = 0;
		};
		4F8134B31BF2260E0003E9B3 /* Sources */ = {
			isa = PBXSourcesBuildPhase;
			buildActionMask = 2147483647;
			files = (
				4F8134BC1BF2260E0003E9B3 /* TransferDataTests.m in Sources */,
			);
			runOnlyForDeploymentPostprocessing = 0;
		};
		4F8134BE1BF2260E0003E9B3 /* Sources */ = {
			isa = PBXSourcesBuildPhase;
			buildActionMask = 2147483647;
			files = (
				4F8134C71BF2260E0003E9B3 /* TransferDataUITests.m in Sources */,
			);
			runOnlyForDeploymentPostprocessing = 0;
		};
/* End PBXSourcesBuildPhase section */

/* Begin PBXTargetDependency section */
		4F8134B91BF2260E0003E9B3 /* PBXTargetDependency */ = {
			isa = PBXTargetDependency;
			target = 4F81349D1BF2260E0003E9B3 /* TransferData */;
			targetProxy = 4F8134B81BF2260E0003E9B3 /* PBXContainerItemProxy */;
		};
		4F8134C41BF2260E0003E9B3 /* PBXTargetDependency */ = {
			isa = PBXTargetDependency;
			target = 4F81349D1BF2260E0003E9B3 /* TransferData */;
			targetProxy = 4F8134C31BF2260E0003E9B3 /* PBXContainerItemProxy */;
		};
/* End PBXTargetDependency section */

/* Begin PBXVariantGroup section */
		4F8134AA1BF2260E0003E9B3 /* Main.storyboard */ = {
			isa = PBXVariantGroup;
			children = (
				4F8134AB1BF2260E0003E9B3 /* Base */,
			);
			name = Main.storyboard;
			sourceTree = "<group>";
		};
		4F8134AF1BF2260E0003E9B3 /* LaunchScreen.storyboard */ = {
			isa = PBXVariantGroup;
			children = (
				4F8134B01BF2260E0003E9B3 /* Base */,
			);
			name = LaunchScreen.storyboard;
			sourceTree = "<group>";
		};
/* End PBXVariantGroup section */

/* Begin XCBuildConfiguration section */
		4F8134C91BF2260E0003E9B3 /* Debug */ = {
			isa = XCBuildConfiguration;
			buildSettings = {
				ALWAYS_SEARCH_USER_PATHS = NO;
				CLANG_CXX_LANGUAGE_STANDARD = "gnu++0x";
				CLANG_CXX_LIBRARY = "libc++";
				CLANG_ENABLE_MODULES = YES;
				CLANG_ENABLE_OBJC_ARC = YES;
				CLANG_WARN_BOOL_CONVERSION = YES;
				CLANG_WARN_CONSTANT_CONVERSION = YES;
				CLANG_WARN_DIRECT_OBJC_ISA_USAGE = YES_ERROR;
				CLANG_WARN_EMPTY_BODY = YES;
				CLANG_WARN_ENUM_CONVERSION = YES;
				CLANG_WARN_INT_CONVERSION = YES;
				CLANG_WARN_OBJC_ROOT_CLASS = YES_ERROR;
				CLANG_WARN_UNREACHABLE_CODE = YES;
				CLANG_WARN__DUPLICATE_METHOD_MATCH = YES;
				"CODE_SIGN_IDENTITY[sdk=iphoneos*]" = "iPhone Developer";
				COPY_PHASE_STRIP = NO;
				DEBUG_INFORMATION_FORMAT = dwarf;
				ENABLE_STRICT_OBJC_MSGSEND = YES;
				ENABLE_TESTABILITY = YES;
				GCC_C_LANGUAGE_STANDARD = gnu99;
				GCC_DYNAMIC_NO_PIC = NO;
				GCC_NO_COMMON_BLOCKS = YES;
				GCC_OPTIMIZATION_LEVEL = 0;
				GCC_PREPROCESSOR_DEFINITIONS = (
					"DEBUG=1",
					"$(inherited)",
				);
				GCC_WARN_64_TO_32_BIT_CONVERSION = YES;
				GCC_WARN_ABOUT_RETURN_TYPE = YES_ERROR;
				GCC_WARN_UNDECLARED_SELECTOR = YES;
				GCC_WARN_UNINITIALIZED_AUTOS = YES_AGGRESSIVE;
				GCC_WARN_UNUSED_FUNCTION = YES;
				GCC_WARN_UNUSED_VARIABLE = YES;
				IPHONEOS_DEPLOYMENT_TARGET = 9.1;
				MTL_ENABLE_DEBUG_INFO = YES;
				ONLY_ACTIVE_ARCH = YES;
				SDKROOT = iphoneos;
				TARGETED_DEVICE_FAMILY = "1,2";
			};
			name = Debug;
		};
		4F8134CA1BF2260E0003E9B3 /* Release */ = {
			isa = XCBuildConfiguration;
			buildSettings = {
				ALWAYS_SEARCH_USER_PATHS = NO;
				CLANG_CXX_LANGUAGE_STANDARD = "gnu++0x";
				CLANG_CXX_LIBRARY = "libc++";
				CLANG_ENABLE_MODULES = YES;
				CLANG_ENABLE_OBJC_ARC = YES;
				CLANG_WARN_BOOL_CONVERSION = YES;
				CLANG_WARN_CONSTANT_CONVERSION = YES;
				CLANG_WARN_DIRECT_OBJC_ISA_USAGE = YES_ERROR;
				CLANG_WARN_EMPTY_BODY = YES;
				CLANG_WARN_ENUM_CONVERSION = YES;
				CLANG_WARN_INT_CONVERSION = YES;
				CLANG_WARN_OBJC_ROOT_CLASS = YES_ERROR;
				CLANG_WARN_UNREACHABLE_CODE = YES;
				CLANG_WARN__DUPLICATE_METHOD_MATCH = YES;
				"CODE_SIGN_IDENTITY[sdk=iphoneos*]" = "iPhone Developer";
				COPY_PHASE_STRIP = NO;
				DEBUG_INFORMATION_FORMAT = "dwarf-with-dsym";
				ENABLE_NS_ASSERTIONS = NO;
				ENABLE_STRICT_OBJC_MSGSEND = YES;
				GCC_C_LANGUAGE_STANDARD = gnu99;
				GCC_NO_COMMON_BLOCKS = YES;
				GCC_WARN_64_TO_32_BIT_CONVERSION = YES;
				GCC_WARN_ABOUT_RETURN_TYPE = YES_ERROR;
				GCC_WARN_UNDECLARED_SELECTOR = YES;
				GCC_WARN_UNINITIALIZED_AUTOS = YES_AGGRESSIVE;
				GCC_WARN_UNUSED_FUNCTION = YES;
				GCC_WARN_UNUSED_VARIABLE = YES;
				IPHONEOS_DEPLOYMENT_TARGET = 9.1;
				MTL_ENABLE_DEBUG_INFO = NO;
				SDKROOT = iphoneos;
				TARGETED_DEVICE_FAMILY = "1,2";
				VALIDATE_PRODUCT = YES;
			};
			name = Release;
		};
		4F8134CC1BF2260E0003E9B3 /* Debug */ = {
			isa = XCBuildConfiguration;
			baseConfigurationReference = 89670F520F8D5F12E1F21F90 /* Pods.debug.xcconfig */;
			buildSettings = {
				ASSETCATALOG_COMPILER_APPICON_NAME = AppIcon;
				CODE_SIGN_IDENTITY = "iPhone Developer: Xueyin Xu (SG4KE3XX7G)";
				"CODE_SIGN_IDENTITY[sdk=iphoneos*]" = "iPhone Developer: Xueyin Xu (SG4KE3XX7G)";
				INFOPLIST_FILE = TransferData/Info.plist;
				LD_RUNPATH_SEARCH_PATHS = "$(inherited) @executable_path/Frameworks";
				LIBRARY_SEARCH_PATHS = (
					"$(inherited)",
					"$(PROJECT_DIR)/TransferData",
				);
				PRODUCT_BUNDLE_IDENTIFIER = LYChow.TransferData;
				PRODUCT_NAME = "$(TARGET_NAME)";
				PROVISIONING_PROFILE = "ed19c0fa-1641-4a5f-bb5d-dad044c65e8d";
			};
			name = Debug;
		};
		4F8134CD1BF2260E0003E9B3 /* Release */ = {
			isa = XCBuildConfiguration;
			baseConfigurationReference = E0D0EB38F0D1ABB3068E9A67 /* Pods.release.xcconfig */;
			buildSettings = {
				ASSETCATALOG_COMPILER_APPICON_NAME = AppIcon;
				CODE_SIGN_IDENTITY = "iPhone Developer: Xueyin Xu (SG4KE3XX7G)";
				"CODE_SIGN_IDENTITY[sdk=iphoneos*]" = "iPhone Developer: Xueyin Xu (SG4KE3XX7G)";
				INFOPLIST_FILE = TransferData/Info.plist;
				LD_RUNPATH_SEARCH_PATHS = "$(inherited) @executable_path/Frameworks";
				LIBRARY_SEARCH_PATHS = (
					"$(inherited)",
					"$(PROJECT_DIR)/TransferData",
				);
				PRODUCT_BUNDLE_IDENTIFIER = LYChow.TransferData;
				PRODUCT_NAME = "$(TARGET_NAME)";
				PROVISIONING_PROFILE = "ed19c0fa-1641-4a5f-bb5d-dad044c65e8d";
			};
			name = Release;
		};
		4F8134CF1BF2260E0003E9B3 /* Debug */ = {
			isa = XCBuildConfiguration;
			buildSettings = {
				BUNDLE_LOADER = "$(TEST_HOST)";
				INFOPLIST_FILE = TransferDataTests/Info.plist;
				LD_RUNPATH_SEARCH_PATHS = "$(inherited) @executable_path/Frameworks @loader_path/Frameworks";
				PRODUCT_BUNDLE_IDENTIFIER = LYChow.TransferDataTests;
				PRODUCT_NAME = "$(TARGET_NAME)";
				TEST_HOST = "$(BUILT_PRODUCTS_DIR)/TransferData.app/TransferData";
			};
			name = Debug;
		};
		4F8134D01BF2260E0003E9B3 /* Release */ = {
			isa = XCBuildConfiguration;
			buildSettings = {
				BUNDLE_LOADER = "$(TEST_HOST)";
				INFOPLIST_FILE = TransferDataTests/Info.plist;
				LD_RUNPATH_SEARCH_PATHS = "$(inherited) @executable_path/Frameworks @loader_path/Frameworks";
				PRODUCT_BUNDLE_IDENTIFIER = LYChow.TransferDataTests;
				PRODUCT_NAME = "$(TARGET_NAME)";
				TEST_HOST = "$(BUILT_PRODUCTS_DIR)/TransferData.app/TransferData";
			};
			name = Release;
		};
		4F8134D21BF2260E0003E9B3 /* Debug */ = {
			isa = XCBuildConfiguration;
			buildSettings = {
				INFOPLIST_FILE = TransferDataUITests/Info.plist;
				LD_RUNPATH_SEARCH_PATHS = "$(inherited) @executable_path/Frameworks @loader_path/Frameworks";
				PRODUCT_BUNDLE_IDENTIFIER = LYChow.TransferDataUITests;
				PRODUCT_NAME = "$(TARGET_NAME)";
				TEST_TARGET_NAME = TransferData;
				USES_XCTRUNNER = YES;
			};
			name = Debug;
		};
		4F8134D31BF2260E0003E9B3 /* Release */ = {
			isa = XCBuildConfiguration;
			buildSettings = {
				INFOPLIST_FILE = TransferDataUITests/Info.plist;
				LD_RUNPATH_SEARCH_PATHS = "$(inherited) @executable_path/Frameworks @loader_path/Frameworks";
				PRODUCT_BUNDLE_IDENTIFIER = LYChow.TransferDataUITests;
				PRODUCT_NAME = "$(TARGET_NAME)";
				TEST_TARGET_NAME = TransferData;
				USES_XCTRUNNER = YES;
			};
			name = Release;
		};
		4FFB843D1BF4692800D3A557 /* Debug */ = {
			isa = XCBuildConfiguration;
			buildSettings = {
				PRODUCT_NAME = "$(TARGET_NAME)";
			};
			name = Debug;
		};
		4FFB843E1BF4692800D3A557 /* Release */ = {
			isa = XCBuildConfiguration;
			buildSettings = {
				PRODUCT_NAME = "$(TARGET_NAME)";
			};
			name = Release;
		};
/* End XCBuildConfiguration section */

/* Begin XCConfigurationList section */
		4F8134991BF2260E0003E9B3 /* Build configuration list for PBXProject "TransferData" */ = {
			isa = XCConfigurationList;
			buildConfigurations = (
				4F8134C91BF2260E0003E9B3 /* Debug */,
				4F8134CA1BF2260E0003E9B3 /* Release */,
			);
			defaultConfigurationIsVisible = 0;
			defaultConfigurationName = Release;
		};
		4F8134CB1BF2260E0003E9B3 /* Build configuration list for PBXNativeTarget "TransferData" */ = {
			isa = XCConfigurationList;
			buildConfigurations = (
				4F8134CC1BF2260E0003E9B3 /* Debug */,
				4F8134CD1BF2260E0003E9B3 /* Release */,
			);
			defaultConfigurationIsVisible = 0;
			defaultConfigurationName = Release;
		};
		4F8134CE1BF2260E0003E9B3 /* Build configuration list for PBXNativeTarget "TransferDataTests" */ = {
			isa = XCConfigurationList;
			buildConfigurations = (
				4F8134CF1BF2260E0003E9B3 /* Debug */,
				4F8134D01BF2260E0003E9B3 /* Release */,
			);
			defaultConfigurationIsVisible = 0;
			defaultConfigurationName = Release;
		};
		4F8134D11BF2260E0003E9B3 /* Build configuration list for PBXNativeTarget "TransferDataUITests" */ = {
			isa = XCConfigurationList;
			buildConfigurations = (
				4F8134D21BF2260E0003E9B3 /* Debug */,
				4F8134D31BF2260E0003E9B3 /* Release */,
			);
			defaultConfigurationIsVisible = 0;
			defaultConfigurationName = Release;
		};
		4FFB843C1BF4692800D3A557 /* Build configuration list for PBXAggregateTarget "Document" */ = {
			isa = XCConfigurationList;
			buildConfigurations = (
				4FFB843D1BF4692800D3A557 /* Debug */,
				4FFB843E1BF4692800D3A557 /* Release */,
			);
			defaultConfigurationIsVisible = 0;
			defaultConfigurationName = Release;
		};
/* End XCConfigurationList section */
	};
	rootObject = 4F8134961BF2260E0003E9B3 /* Project object */;
}
